
Microsoft Visual Studio Solution File, Format Version 12.00
# Visual Studio Version 16
VisualStudioVersion = 16.0.31729.503
MinimumVisualStudioVersion = 10.0.40219.1
Project("{FAE04EC0-301F-11D3-BF4B-00C04F79EFBC}") = "Projeto Vendas ETEC", "Projeto Vendas ETEC\Projeto Vendas ETEC.csproj", "{23FC61F0-663C-499E-B117-13BA4566144A}"
EndProject
Global
	GlobalSection(SolutionConfigurationPlatforms) = preSolution
		Debug|Any CPU = Debug|Any CPU
		Release|Any CPU = Release|Any CPU
	EndGlobalSection
	GlobalSection(ProjectConfigurationPlatforms) = postSolution
		{23FC61F0-663C-499E-B117-13BA4566144A}.Debug|Any CPU.ActiveCfg = Debug|Any CPU
		{23FC61F0-663C-499E-B117-13BA4566144A}.Debug|Any CPU.Build.0 = Debug|Any CPU
		{23FC61F0-663C-499E-B117-13BA4566144A}.Release|Any CPU.ActiveCfg = Release|Any CPU
		{23FC61F0-663C-499E-B117-13BA4566144A}.Release|Any CPU.Build.0 = Release|Any CPU
	EndGlobalSection
	GlobalSection(SolutionProperties) = preSolution
		HideSolutionNode = FALSE
	EndGlobalSection
	GlobalSection(ExtensibilityGlobals) = postSolution
		SolutionGuid = {AB7F9D19-BBD4-49D2-8DA7-90220DE7A0EE}
	EndGlobalSection
EndGlobal
